dependencies:
  78/esp-opus:
    component_hash: 8182b733f071d7bfe1e837f4c9f8649a63e4c937177f089e65772880c02f2e17
    dependencies:
    - name: idf
      require: private
      version: '>=5.0'
    source:
      registry_url: https://components.espressif.com/
      type: service
    version: 1.0.5
  idf:
    source:
      type: idf
    version: 5.3.5
direct_dependencies:
- 78/esp-opus
- idf
manifest_hash: 74dcd735d90b1167dc6ac0dcf87e4df678ac98d98319fc6fa8f605967ee1661a
target: esp32c3
version: 2.0.0
